# This file is @generated by PDM.
# It is not intended for manual editing.

[metadata]
groups = ["default", "docs", "formatter", "linting", "test", "typesafety"]
strategy = ["inherit_metadata"]
lock_version = "4.5.0"
content_hash = "sha256:45d91812bfc99053d54d5be8ce4b6dd65320a1842f1f43fed16876f711fff942"

[[metadata.targets]]
requires_python = "==3.11.*"

[[package]]
name = "astroid"
version = "3.3.3"
requires_python = ">=3.9.0"
summary = "An abstract syntax tree for Python with inference support."
groups = ["linting"]
marker = "python_version == \"3.11\""
dependencies = [
    "typing-extensions>=4.0.0; python_version < \"3.11\"",
]
files = [
    {file = "astroid-3.3.3-py3-none-any.whl", hash = "sha256:2d79acfd3c594b6a2d4141fea98a1d62ab4a52e54332b1f1ddcf07b652cc5c0f"},
    {file = "astroid-3.3.3.tar.gz", hash = "sha256:63f8c5370d9bad8294163c87b2d440a7fdf546be6c72bbeac0549c93244dbd72"},
]

[[package]]
name = "black"
version = "24.8.0"
requires_python = ">=3.8"
summary = "The uncompromising code formatter."
groups = ["formatter"]
marker = "python_version == \"3.11\""
dependencies = [
    "click>=8.0.0",
    "mypy-extensions>=0.4.3",
    "packaging>=22.0",
    "pathspec>=0.9.0",
    "platformdirs>=2",
    "tomli>=1.1.0; python_version < \"3.11\"",
    "typing-extensions>=4.0.1; python_version < \"3.11\"",
]
files = [
    {file = "black-24.8.0-cp311-cp311-macosx_10_9_x86_64.whl", hash = "sha256:fb6e2c0b86bbd43dee042e48059c9ad7830abd5c94b0bc518c0eeec57c3eddc1"},
    {file = "black-24.8.0-cp311-cp311-macosx_11_0_arm64.whl", hash = "sha256:837fd281f1908d0076844bc2b801ad2d369c78c45cf800cad7b61686051041af"},
    {file = "black-24.8.0-cp311-cp311-manylinux_2_17_x86_64.manylinux2014_x86_64.manylinux_2_28_x86_64.whl", hash = "sha256:62e8730977f0b77998029da7971fa896ceefa2c4c4933fcd593fa599ecbf97a4"},
    {file = "black-24.8.0-cp311-cp311-win_amd64.whl", hash = "sha256:72901b4913cbac8972ad911dc4098d5753704d1f3c56e44ae8dce99eecb0e3af"},
    {file = "black-24.8.0-py3-none-any.whl", hash = "sha256:972085c618ee94f402da1af548a4f218c754ea7e5dc70acb168bfaca4c2542ed"},
    {file = "black-24.8.0.tar.gz", hash = "sha256:2500945420b6784c38b9ee885af039f5e7471ef284ab03fa35ecdde4688cd83f"},
]

[[package]]
name = "click"
version = "8.1.7"
requires_python = ">=3.7"
summary = "Composable command line interface toolkit"
groups = ["docs", "formatter"]
marker = "python_version == \"3.11\""
dependencies = [
    "colorama; platform_system == \"Windows\"",
    "importlib-metadata; python_version < \"3.8\"",
]
files = [
    {file = "click-8.1.7-py3-none-any.whl", hash = "sha256:ae74fb96c20a0277a1d615f1e4d73c8414f5a98db8b799a7931d1582f3390c28"},
    {file = "click-8.1.7.tar.gz", hash = "sha256:ca9853ad459e787e2192211578cc907e7594e294c7ccc834310722b41b9ca6de"},
]

[[package]]
name = "colorama"
version = "0.4.6"
requires_python = "!=3.0.*,!=3.1.*,!=3.2.*,!=3.3.*,!=3.4.*,!=3.5.*,!=3.6.*,>=2.7"
summary = "Cross-platform colored terminal text."
groups = ["docs", "formatter", "linting", "test"]
marker = "python_version == \"3.11\""
files = [
    {file = "colorama-0.4.6-py2.py3-none-any.whl", hash = "sha256:4f1d9991f5acc0ca119f9d443620b77f9d6b33703e51011c16baf57afb285fc6"},
    {file = "colorama-0.4.6.tar.gz", hash = "sha256:08695f5cb7ed6e0531a20572697297273c47b8cae5a63ffc6d6ed5c201be6e44"},
]

[[package]]
name = "coverage"
version = "7.6.1"
requires_python = ">=3.8"
summary = "Code coverage measurement for Python"
groups = ["test"]
marker = "python_version == \"3.11\""
files = [
    {file = "coverage-7.6.1-cp311-cp311-macosx_10_9_x86_64.whl", hash = "sha256:7dea0889685db8550f839fa202744652e87c60015029ce3f60e006f8c4462c93"},
    {file = "coverage-7.6.1-cp311-cp311-macosx_11_0_arm64.whl", hash = "sha256:ed37bd3c3b063412f7620464a9ac1314d33100329f39799255fb8d3027da50d3"},
    {file = "coverage-7.6.1-cp311-cp311-manylinux_2_17_aarch64.manylinux2014_aarch64.whl", hash = "sha256:d85f5e9a5f8b73e2350097c3756ef7e785f55bd71205defa0bfdaf96c31616ff"},
    {file = "coverage-7.6.1-cp311-cp311-manylinux_2_5_i686.manylinux1_i686.manylinux_2_17_i686.manylinux2014_i686.whl", hash = "sha256:9bc572be474cafb617672c43fe989d6e48d3c83af02ce8de73fff1c6bb3c198d"},
    {file = "coverage-7.6.1-cp311-cp311-manylinux_2_5_x86_64.manylinux1_x86_64.manylinux_2_17_x86_64.manylinux2014_x86_64.whl", hash = "sha256:0c0420b573964c760df9e9e86d1a9a622d0d27f417e1a949a8a66dd7bcee7bc6"},
    {file = "coverage-7.6.1-cp311-cp311-musllinux_1_2_aarch64.whl", hash = "sha256:1f4aa8219db826ce6be7099d559f8ec311549bfc4046f7f9fe9b5cea5c581c56"},
    {file = "coverage-7.6.1-cp311-cp311-musllinux_1_2_i686.whl", hash = "sha256:fc5a77d0c516700ebad189b587de289a20a78324bc54baee03dd486f0855d234"},
    {file = "coverage-7.6.1-cp311-cp311-musllinux_1_2_x86_64.whl", hash = "sha256:b48f312cca9621272ae49008c7f613337c53fadca647d6384cc129d2996d1133"},
    {file = "coverage-7.6.1-cp311-cp311-win32.whl", hash = "sha256:1125ca0e5fd475cbbba3bb67ae20bd2c23a98fac4e32412883f9bcbaa81c314c"},
    {file = "coverage-7.6.1-cp311-cp311-win_amd64.whl", hash = "sha256:8ae539519c4c040c5ffd0632784e21b2f03fc1340752af711f33e5be83a9d6c6"},
    {file = "coverage-7.6.1.tar.gz", hash = "sha256:953510dfb7b12ab69d20135a0662397f077c59b1e6379a768e97c59d852ee51d"},
]

[[package]]
name = "coverage"
version = "7.6.1"
extras = ["toml"]
requires_python = ">=3.8"
summary = "Code coverage measurement for Python"
groups = ["test"]
marker = "python_version == \"3.11\""
dependencies = [
    "coverage==7.6.1",
    "tomli; python_full_version <= \"3.11.0a6\"",
]
files = [
    {file = "coverage-7.6.1-cp311-cp311-macosx_10_9_x86_64.whl", hash = "sha256:7dea0889685db8550f839fa202744652e87c60015029ce3f60e006f8c4462c93"},
    {file = "coverage-7.6.1-cp311-cp311-macosx_11_0_arm64.whl", hash = "sha256:ed37bd3c3b063412f7620464a9ac1314d33100329f39799255fb8d3027da50d3"},
    {file = "coverage-7.6.1-cp311-cp311-manylinux_2_17_aarch64.manylinux2014_aarch64.whl", hash = "sha256:d85f5e9a5f8b73e2350097c3756ef7e785f55bd71205defa0bfdaf96c31616ff"},
    {file = "coverage-7.6.1-cp311-cp311-manylinux_2_5_i686.manylinux1_i686.manylinux_2_17_i686.manylinux2014_i686.whl", hash = "sha256:9bc572be474cafb617672c43fe989d6e48d3c83af02ce8de73fff1c6bb3c198d"},
    {file = "coverage-7.6.1-cp311-cp311-manylinux_2_5_x86_64.manylinux1_x86_64.manylinux_2_17_x86_64.manylinux2014_x86_64.whl", hash = "sha256:0c0420b573964c760df9e9e86d1a9a622d0d27f417e1a949a8a66dd7bcee7bc6"},
    {file = "coverage-7.6.1-cp311-cp311-musllinux_1_2_aarch64.whl", hash = "sha256:1f4aa8219db826ce6be7099d559f8ec311549bfc4046f7f9fe9b5cea5c581c56"},
    {file = "coverage-7.6.1-cp311-cp311-musllinux_1_2_i686.whl", hash = "sha256:fc5a77d0c516700ebad189b587de289a20a78324bc54baee03dd486f0855d234"},
    {file = "coverage-7.6.1-cp311-cp311-musllinux_1_2_x86_64.whl", hash = "sha256:b48f312cca9621272ae49008c7f613337c53fadca647d6384cc129d2996d1133"},
    {file = "coverage-7.6.1-cp311-cp311-win32.whl", hash = "sha256:1125ca0e5fd475cbbba3bb67ae20bd2c23a98fac4e32412883f9bcbaa81c314c"},
    {file = "coverage-7.6.1-cp311-cp311-win_amd64.whl", hash = "sha256:8ae539519c4c040c5ffd0632784e21b2f03fc1340752af711f33e5be83a9d6c6"},
    {file = "coverage-7.6.1.tar.gz", hash = "sha256:953510dfb7b12ab69d20135a0662397f077c59b1e6379a768e97c59d852ee51d"},
]

[[package]]
name = "dill"
version = "0.3.8"
requires_python = ">=3.8"
summary = "serialize all of Python"
groups = ["linting"]
marker = "python_version == \"3.11\""
files = [
    {file = "dill-0.3.8-py3-none-any.whl", hash = "sha256:c36ca9ffb54365bdd2f8eb3eff7d2a21237f8452b57ace88b1ac615b7e815bd7"},
    {file = "dill-0.3.8.tar.gz", hash = "sha256:3ebe3c479ad625c4553aca177444d89b486b1d84982eeacded644afc0cf797ca"},
]

[[package]]
name = "ghp-import"
version = "2.1.0"
summary = "Copy your docs directly to the gh-pages branch."
groups = ["docs"]
marker = "python_version == \"3.11\""
dependencies = [
    "python-dateutil>=2.8.1",
]
files = [
    {file = "ghp-import-2.1.0.tar.gz", hash = "sha256:9c535c4c61193c2df8871222567d7fd7e5014d835f97dc7b7439069e2413d343"},
    {file = "ghp_import-2.1.0-py3-none-any.whl", hash = "sha256:8337dd7b50877f163d4c0289bc1f1c7f127550241988d568c1db512c4324a619"},
]

[[package]]
name = "griffe"
version = "1.3.1"
requires_python = ">=3.8"
summary = "Signatures for entire Python programs. Extract the structure, the frame, the skeleton of your project, to generate API documentation or find breaking changes in your API."
groups = ["docs"]
marker = "python_version == \"3.11\""
dependencies = [
    "astunparse>=1.6; python_version < \"3.9\"",
    "colorama>=0.4",
]
files = [
    {file = "griffe-1.3.1-py3-none-any.whl", hash = "sha256:940aeb630bc3054b4369567f150b6365be6f11eef46b0ed8623aea96e6d17b19"},
    {file = "griffe-1.3.1.tar.gz", hash = "sha256:3f86a716b631a4c0f96a43cb75d05d3c85975003c20540426c0eba3b0581c56a"},
]

[[package]]
name = "iniconfig"
version = "2.0.0"
requires_python = ">=3.7"
summary = "brain-dead simple config-ini parsing"
groups = ["test"]
marker = "python_version == \"3.11\""
files = [
    {file = "iniconfig-2.0.0-py3-none-any.whl", hash = "sha256:b6a85871a79d2e3b22d2d1b94ac2824226a63c6b741c88f7ae975f18b6778374"},
    {file = "iniconfig-2.0.0.tar.gz", hash = "sha256:2d91e135bf72d31a410b17c16da610a82cb55f6b0477d1a902134b24a455b8b3"},
]

[[package]]
name = "isort"
version = "5.13.2"
requires_python = ">=3.8.0"
summary = "A Python utility / library to sort Python imports."
groups = ["linting"]
marker = "python_version == \"3.11\""
files = [
    {file = "isort-5.13.2-py3-none-any.whl", hash = "sha256:8ca5e72a8d85860d5a3fa69b8745237f2939afe12dbf656afbcb47fe72d947a6"},
    {file = "isort-5.13.2.tar.gz", hash = "sha256:48fdfcb9face5d58a4f6dde2e72a1fb8dcaf8ab26f95ab49fab84c2ddefb0109"},
]

[[package]]
name = "jinja2"
version = "3.1.4"
requires_python = ">=3.7"
summary = "A very fast and expressive template engine."
groups = ["docs"]
marker = "python_version == \"3.11\""
dependencies = [
    "MarkupSafe>=2.0",
]
files = [
    {file = "jinja2-3.1.4-py3-none-any.whl", hash = "sha256:bc5dd2abb727a5319567b7a813e6a2e7318c39f4f487cfe6c89c6f9c7d25197d"},
    {file = "jinja2-3.1.4.tar.gz", hash = "sha256:4a3aee7acbbe7303aede8e9648d13b8bf88a429282aa6122a993f0ac800cb369"},
]

[[package]]
name = "markdown"
version = "3.7"
requires_python = ">=3.8"
summary = "Python implementation of John Gruber's Markdown."
groups = ["docs"]
marker = "python_version == \"3.11\""
dependencies = [
    "importlib-metadata>=4.4; python_version < \"3.10\"",
]
files = [
    {file = "Markdown-3.7-py3-none-any.whl", hash = "sha256:7eb6df5690b81a1d7942992c97fad2938e956e79df20cbc6186e9c3a77b1c803"},
    {file = "markdown-3.7.tar.gz", hash = "sha256:2ae2471477cfd02dbbf038d5d9bc226d40def84b4fe2986e49b59b6b472bbed2"},
]

[[package]]
name = "markupsafe"
version = "2.1.5"
requires_python = ">=3.7"
summary = "Safely add untrusted strings to HTML/XML markup."
groups = ["docs"]
marker = "python_version == \"3.11\""
files = [
    {file = "MarkupSafe-2.1.5-cp311-cp311-macosx_10_9_universal2.whl", hash = "sha256:629ddd2ca402ae6dbedfceeba9c46d5f7b2a61d9749597d4307f943ef198fc1f"},
    {file = "MarkupSafe-2.1.5-cp311-cp311-macosx_10_9_x86_64.whl", hash = "sha256:5b7b716f97b52c5a14bffdf688f971b2d5ef4029127f1ad7a513973cfd818df2"},
    {file = "MarkupSafe-2.1.5-cp311-cp311-manylinux_2_17_aarch64.manylinux2014_aarch64.whl", hash = "sha256:6ec585f69cec0aa07d945b20805be741395e28ac1627333b1c5b0105962ffced"},
    {file = "MarkupSafe-2.1.5-cp311-cp311-manylinux_2_17_x86_64.manylinux2014_x86_64.whl", hash = "sha256:b91c037585eba9095565a3556f611e3cbfaa42ca1e865f7b8015fe5c7336d5a5"},
    {file = "MarkupSafe-2.1.5-cp311-cp311-manylinux_2_5_i686.manylinux1_i686.manylinux_2_17_i686.manylinux2014_i686.whl", hash = "sha256:7502934a33b54030eaf1194c21c692a534196063db72176b0c4028e140f8f32c"},
    {file = "MarkupSafe-2.1.5-cp311-cp311-musllinux_1_1_aarch64.whl", hash = "sha256:0e397ac966fdf721b2c528cf028494e86172b4feba51d65f81ffd65c63798f3f"},
    {file = "MarkupSafe-2.1.5-cp311-cp311-musllinux_1_1_i686.whl", hash = "sha256:c061bb86a71b42465156a3ee7bd58c8c2ceacdbeb95d05a99893e08b8467359a"},
    {file = "MarkupSafe-2.1.5-cp311-cp311-musllinux_1_1_x86_64.whl", hash = "sha256:3a57fdd7ce31c7ff06cdfbf31dafa96cc533c21e443d57f5b1ecc6cdc668ec7f"},
    {file = "MarkupSafe-2.1.5-cp311-cp311-win32.whl", hash = "sha256:397081c1a0bfb5124355710fe79478cdbeb39626492b15d399526ae53422b906"},
    {file = "MarkupSafe-2.1.5-cp311-cp311-win_amd64.whl", hash = "sha256:2b7c57a4dfc4f16f7142221afe5ba4e093e09e728ca65c51f5620c9aaeb9a617"},
    {file = "MarkupSafe-2.1.5.tar.gz", hash = "sha256:d283d37a890ba4c1ae73ffadf8046435c76e7bc2247bbb63c00bd1a709c6544b"},
]

[[package]]
name = "mccabe"
version = "0.7.0"
requires_python = ">=3.6"
summary = "McCabe checker, plugin for flake8"
groups = ["linting"]
marker = "python_version == \"3.11\""
files = [
    {file = "mccabe-0.7.0-py2.py3-none-any.whl", hash = "sha256:6c2d30ab6be0e4a46919781807b4f0d834ebdd6c6e3dca0bda5a15f863427b6e"},
    {file = "mccabe-0.7.0.tar.gz", hash = "sha256:348e0240c33b60bbdf4e523192ef919f28cb2c3d7d5c7794f74009290f236325"},
]

[[package]]
name = "mergedeep"
version = "1.3.4"
requires_python = ">=3.6"
summary = "A deep merge function for 🐍."
groups = ["docs"]
marker = "python_version == \"3.11\""
files = [
    {file = "mergedeep-1.3.4-py3-none-any.whl", hash = "sha256:70775750742b25c0d8f36c55aed03d24c3384d17c951b3175d898bd778ef0307"},
    {file = "mergedeep-1.3.4.tar.gz", hash = "sha256:0096d52e9dad9939c3d975a774666af186eda617e6ca84df4c94dec30004f2a8"},
]

[[package]]
name = "mkdocs"
version = "1.6.1"
requires_python = ">=3.8"
summary = "Project documentation with Markdown."
groups = ["docs"]
marker = "python_version == \"3.11\""
dependencies = [
    "click>=7.0",
    "colorama>=0.4; platform_system == \"Windows\"",
    "ghp-import>=1.0",
    "importlib-metadata>=4.4; python_version < \"3.10\"",
    "jinja2>=2.11.1",
    "markdown>=3.3.6",
    "markupsafe>=2.0.1",
    "mergedeep>=1.3.4",
    "mkdocs-get-deps>=0.2.0",
    "packaging>=20.5",
    "pathspec>=0.11.1",
    "pyyaml-env-tag>=0.1",
    "pyyaml>=5.1",
    "watchdog>=2.0",
]
files = [
    {file = "mkdocs-1.6.1-py3-none-any.whl", hash = "sha256:db91759624d1647f3f34aa0c3f327dd2601beae39a366d6e064c03468d35c20e"},
    {file = "mkdocs-1.6.1.tar.gz", hash = "sha256:7b432f01d928c084353ab39c57282f29f92136665bdd6abf7c1ec8d822ef86f2"},
]

[[package]]
name = "mkdocs-autorefs"
version = "1.2.0"
requires_python = ">=3.8"
summary = "Automatically link across pages in MkDocs."
groups = ["docs"]
marker = "python_version == \"3.11\""
dependencies = [
    "Markdown>=3.3",
    "markupsafe>=2.0.1",
    "mkdocs>=1.1",
]
files = [
    {file = "mkdocs_autorefs-1.2.0-py3-none-any.whl", hash = "sha256:d588754ae89bd0ced0c70c06f58566a4ee43471eeeee5202427da7de9ef85a2f"},
    {file = "mkdocs_autorefs-1.2.0.tar.gz", hash = "sha256:a86b93abff653521bda71cf3fc5596342b7a23982093915cb74273f67522190f"},
]

[[package]]
name = "mkdocs-get-deps"
version = "0.2.0"
requires_python = ">=3.8"
summary = "MkDocs extension that lists all dependencies according to a mkdocs.yml file"
groups = ["docs"]
marker = "python_version == \"3.11\""
dependencies = [
    "importlib-metadata>=4.3; python_version < \"3.10\"",
    "mergedeep>=1.3.4",
    "platformdirs>=2.2.0",
    "pyyaml>=5.1",
]
files = [
    {file = "mkdocs_get_deps-0.2.0-py3-none-any.whl", hash = "sha256:2bf11d0b133e77a0dd036abeeb06dec8775e46efa526dc70667d8863eefc6134"},
    {file = "mkdocs_get_deps-0.2.0.tar.gz", hash = "sha256:162b3d129c7fad9b19abfdcb9c1458a651628e4b1dea628ac68790fb3061c60c"},
]

[[package]]
name = "mkdocstrings"
version = "0.26.1"
requires_python = ">=3.8"
summary = "Automatic documentation from sources, for MkDocs."
groups = ["docs"]
marker = "python_version == \"3.11\""
dependencies = [
    "Jinja2>=2.11.1",
    "Markdown>=3.6",
    "MarkupSafe>=1.1",
    "click>=7.0",
    "importlib-metadata>=4.6; python_version < \"3.10\"",
    "mkdocs-autorefs>=1.2",
    "mkdocs>=1.4",
    "platformdirs>=2.2",
    "pymdown-extensions>=6.3",
    "typing-extensions>=4.1; python_version < \"3.10\"",
]
files = [
    {file = "mkdocstrings-0.26.1-py3-none-any.whl", hash = "sha256:29738bfb72b4608e8e55cc50fb8a54f325dc7ebd2014e4e3881a49892d5983cf"},
    {file = "mkdocstrings-0.26.1.tar.gz", hash = "sha256:bb8b8854d6713d5348ad05b069a09f3b79edbc6a0f33a34c6821141adb03fe33"},
]

[[package]]
name = "mkdocstrings-python"
version = "1.11.1"
requires_python = ">=3.8"
summary = "A Python handler for mkdocstrings."
groups = ["docs"]
marker = "python_version == \"3.11\""
dependencies = [
    "griffe>=0.49",
    "mkdocs-autorefs>=1.2",
    "mkdocstrings>=0.26",
]
files = [
    {file = "mkdocstrings_python-1.11.1-py3-none-any.whl", hash = "sha256:a21a1c05acef129a618517bb5aae3e33114f569b11588b1e7af3e9d4061a71af"},
    {file = "mkdocstrings_python-1.11.1.tar.gz", hash = "sha256:8824b115c5359304ab0b5378a91f6202324a849e1da907a3485b59208b797322"},
]

[[package]]
name = "mkdocstrings"
version = "0.26.1"
extras = ["python"]
requires_python = ">=3.8"
summary = "Automatic documentation from sources, for MkDocs."
groups = ["docs"]
marker = "python_version == \"3.11\""
dependencies = [
    "mkdocstrings-python>=0.5.2",
    "mkdocstrings==0.26.1",
]
files = [
    {file = "mkdocstrings-0.26.1-py3-none-any.whl", hash = "sha256:29738bfb72b4608e8e55cc50fb8a54f325dc7ebd2014e4e3881a49892d5983cf"},
    {file = "mkdocstrings-0.26.1.tar.gz", hash = "sha256:bb8b8854d6713d5348ad05b069a09f3b79edbc6a0f33a34c6821141adb03fe33"},
]

[[package]]
name = "mypy"
version = "1.11.2"
requires_python = ">=3.8"
summary = "Optional static typing for Python"
groups = ["typesafety"]
marker = "python_version == \"3.11\""
dependencies = [
    "mypy-extensions>=1.0.0",
    "tomli>=1.1.0; python_version < \"3.11\"",
    "typing-extensions>=4.6.0",
]
files = [
    {file = "mypy-1.11.2-cp311-cp311-macosx_10_9_x86_64.whl", hash = "sha256:75746e06d5fa1e91bfd5432448d00d34593b52e7e91a187d981d08d1f33d4385"},
    {file = "mypy-1.11.2-cp311-cp311-macosx_11_0_arm64.whl", hash = "sha256:a976775ab2256aadc6add633d44f100a2517d2388906ec4f13231fafbb0eccca"},
    {file = "mypy-1.11.2-cp311-cp311-manylinux_2_17_x86_64.manylinux2014_x86_64.manylinux_2_28_x86_64.whl", hash = "sha256:cd953f221ac1379050a8a646585a29574488974f79d8082cedef62744f0a0104"},
    {file = "mypy-1.11.2-cp311-cp311-musllinux_1_1_x86_64.whl", hash = "sha256:57555a7715c0a34421013144a33d280e73c08df70f3a18a552938587ce9274f4"},
    {file = "mypy-1.11.2-cp311-cp311-win_amd64.whl", hash = "sha256:36383a4fcbad95f2657642a07ba22ff797de26277158f1cc7bd234821468b1b6"},
    {file = "mypy-1.11.2-py3-none-any.whl", hash = "sha256:b499bc07dbdcd3de92b0a8b29fdf592c111276f6a12fe29c30f6c417dd546d12"},
    {file = "mypy-1.11.2.tar.gz", hash = "sha256:7f9993ad3e0ffdc95c2a14b66dee63729f021968bff8ad911867579c65d13a79"},
]

[[package]]
name = "mypy-extensions"
version = "1.0.0"
requires_python = ">=3.5"
summary = "Type system extensions for programs checked with the mypy type checker."
groups = ["formatter", "typesafety"]
marker = "python_version == \"3.11\""
files = [
    {file = "mypy_extensions-1.0.0-py3-none-any.whl", hash = "sha256:4392f6c0eb8a5668a69e23d168ffa70f0be9ccfd32b5cc2d26a34ae5b844552d"},
    {file = "mypy_extensions-1.0.0.tar.gz", hash = "sha256:75dbf8955dc00442a438fc4d0666508a9a97b6bd41aa2f0ffe9d2f2725af0782"},
]

[[package]]
name = "packaging"
version = "24.1"
requires_python = ">=3.8"
summary = "Core utilities for Python packages"
groups = ["docs", "formatter", "test"]
marker = "python_version == \"3.11\""
files = [
    {file = "packaging-24.1-py3-none-any.whl", hash = "sha256:5b8f2217dbdbd2f7f384c41c628544e6d52f2d0f53c6d0c3ea61aa5d1d7ff124"},
    {file = "packaging-24.1.tar.gz", hash = "sha256:026ed72c8ed3fcce5bf8950572258698927fd1dbda10a5e981cdf0ac37f4f002"},
]

[[package]]
name = "pathspec"
version = "0.12.1"
requires_python = ">=3.8"
summary = "Utility library for gitignore style pattern matching of file paths."
groups = ["docs", "formatter"]
marker = "python_version == \"3.11\""
files = [
    {file = "pathspec-0.12.1-py3-none-any.whl", hash = "sha256:a0d503e138a4c123b27490a4f7beda6a01c6f288df0e4a8b79c7eb0dc7b4cc08"},
    {file = "pathspec-0.12.1.tar.gz", hash = "sha256:a482d51503a1ab33b1c67a6c3813a26953dbdc71c31dacaef9a838c4e29f5712"},
]

[[package]]
name = "platformdirs"
version = "4.3.6"
requires_python = ">=3.8"
summary = "A small Python package for determining appropriate platform-specific dirs, e.g. a `user data dir`."
groups = ["docs", "formatter", "linting"]
marker = "python_version == \"3.11\""
files = [
    {file = "platformdirs-4.3.6-py3-none-any.whl", hash = "sha256:73e575e1408ab8103900836b97580d5307456908a03e92031bab39e4554cc3fb"},
    {file = "platformdirs-4.3.6.tar.gz", hash = "sha256:357fb2acbc885b0419afd3ce3ed34564c13c9b95c89360cd9563f73aa5e2b907"},
]

[[package]]
name = "pluggy"
version = "1.5.0"
requires_python = ">=3.8"
summary = "plugin and hook calling mechanisms for python"
groups = ["test"]
marker = "python_version == \"3.11\""
files = [
    {file = "pluggy-1.5.0-py3-none-any.whl", hash = "sha256:44e1ad92c8ca002de6377e165f3e0f1be63266ab4d554740532335b9d75ea669"},
    {file = "pluggy-1.5.0.tar.gz", hash = "sha256:2cffa88e94fdc978c4c574f15f9e59b7f4201d439195c3715ca9e2486f1d0cf1"},
]

[[package]]
name = "pylint"
version = "3.3.0"
requires_python = ">=3.9.0"
summary = "python code static checker"
groups = ["linting"]
marker = "python_version == \"3.11\""
dependencies = [
    "astroid<=3.4.0-dev0,>=3.3.3",
    "colorama>=0.4.5; sys_platform == \"win32\"",
    "dill>=0.2; python_version < \"3.11\"",
    "dill>=0.3.6; python_version >= \"3.11\"",
    "dill>=0.3.7; python_version >= \"3.12\"",
    "isort!=5.13.0,<6,>=4.2.5",
    "mccabe<0.8,>=0.6",
    "platformdirs>=2.2.0",
    "tomli>=1.1.0; python_version < \"3.11\"",
    "tomlkit>=0.10.1",
    "typing-extensions>=3.10.0; python_version < \"3.10\"",
]
files = [
    {file = "pylint-3.3.0-py3-none-any.whl", hash = "sha256:02dce1845f68974b9b03045894eb3bf05a8b3c7da9fd10af4de3c91e69eb92f1"},
    {file = "pylint-3.3.0.tar.gz", hash = "sha256:c685fe3c061ee5fb0ce7c29436174ab84a2f525fce2a268b1986e921e083fe22"},
]

[[package]]
name = "pymdown-extensions"
version = "10.10"
requires_python = ">=3.8"
summary = "Extension pack for Python Markdown."
groups = ["docs"]
marker = "python_version == \"3.11\""
dependencies = [
    "markdown>=3.6",
    "pyyaml",
]
files = [
    {file = "pymdown_extensions-10.10-py3-none-any.whl", hash = "sha256:5593c49032dc674c30c8382591324de92049520e6c3dd332bfba7f696d55ec34"},
    {file = "pymdown_extensions-10.10.tar.gz", hash = "sha256:13899c05c2d3cd486e9f57963f7154d2fed2c57530c50a7774fc13041610e82a"},
]

[[package]]
name = "pytest"
version = "8.3.3"
requires_python = ">=3.8"
summary = "pytest: simple powerful testing with Python"
groups = ["test"]
marker = "python_version == \"3.11\""
dependencies = [
    "colorama; sys_platform == \"win32\"",
    "exceptiongroup>=1.0.0rc8; python_version < \"3.11\"",
    "iniconfig",
    "packaging",
    "pluggy<2,>=1.5",
    "tomli>=1; python_version < \"3.11\"",
]
files = [
    {file = "pytest-8.3.3-py3-none-any.whl", hash = "sha256:a6853c7375b2663155079443d2e45de913a911a11d669df02a50814944db57b2"},
    {file = "pytest-8.3.3.tar.gz", hash = "sha256:70b98107bd648308a7952b06e6ca9a50bc660be218d53c257cc1fc94fda10181"},
]

[[package]]
name = "pytest-asyncio"
version = "0.24.0"
requires_python = ">=3.8"
summary = "Pytest support for asyncio"
groups = ["test"]
marker = "python_version == \"3.11\""
dependencies = [
    "pytest<9,>=8.2",
]
files = [
    {file = "pytest_asyncio-0.24.0-py3-none-any.whl", hash = "sha256:a811296ed596b69bf0b6f3dc40f83bcaf341b155a269052d82efa2b25ac7037b"},
    {file = "pytest_asyncio-0.24.0.tar.gz", hash = "sha256:d081d828e576d85f875399194281e92bf8a68d60d72d1a2faf2feddb6c46b276"},
]

[[package]]
name = "pytest-cov"
version = "5.0.0"
requires_python = ">=3.8"
summary = "Pytest plugin for measuring coverage."
groups = ["test"]
marker = "python_version == \"3.11\""
dependencies = [
    "coverage[toml]>=5.2.1",
    "pytest>=4.6",
]
files = [
    {file = "pytest-cov-5.0.0.tar.gz", hash = "sha256:5837b58e9f6ebd335b0f8060eecce69b662415b16dc503883a02f45dfeb14857"},
    {file = "pytest_cov-5.0.0-py3-none-any.whl", hash = "sha256:4f0764a1219df53214206bf1feea4633c3b558a2925c8b59f144f682861ce652"},
]

[[package]]
name = "pytest-timeout"
version = "2.3.1"
requires_python = ">=3.7"
summary = "pytest plugin to abort hanging tests"
groups = ["test"]
marker = "python_version == \"3.11\""
dependencies = [
    "pytest>=7.0.0",
]
files = [
    {file = "pytest-timeout-2.3.1.tar.gz", hash = "sha256:12397729125c6ecbdaca01035b9e5239d4db97352320af155b3f5de1ba5165d9"},
    {file = "pytest_timeout-2.3.1-py3-none-any.whl", hash = "sha256:68188cb703edfc6a18fad98dc25a3c61e9f24d644b0b70f33af545219fc7813e"},
]

[[package]]
name = "python-dateutil"
version = "2.9.0.post0"
requires_python = "!=3.0.*,!=3.1.*,!=3.2.*,>=2.7"
summary = "Extensions to the standard Python datetime module"
groups = ["docs", "test"]
marker = "python_version == \"3.11\""
dependencies = [
    "six>=1.5",
]
files = [
    {file = "python-dateutil-2.9.0.post0.tar.gz", hash = "sha256:37dd54208da7e1cd875388217d5e00ebd4179249f90fb72437e91a35459a0ad3"},
    {file = "python_dateutil-2.9.0.post0-py2.py3-none-any.whl", hash = "sha256:a8b2bc7bffae282281c8140a97d3aa9c14da0b136dfe83f850eea9a5f7470427"},
]

[[package]]
name = "pyyaml"
version = "6.0.2"
requires_python = ">=3.8"
summary = "YAML parser and emitter for Python"
groups = ["docs"]
marker = "python_version == \"3.11\""
files = [
    {file = "PyYAML-6.0.2-cp311-cp311-macosx_10_9_x86_64.whl", hash = "sha256:cc1c1159b3d456576af7a3e4d1ba7e6924cb39de8f67111c735f6fc832082774"},
    {file = "PyYAML-6.0.2-cp311-cp311-macosx_11_0_arm64.whl", hash = "sha256:1e2120ef853f59c7419231f3bf4e7021f1b936f6ebd222406c3b60212205d2ee"},
    {file = "PyYAML-6.0.2-cp311-cp311-manylinux_2_17_aarch64.manylinux2014_aarch64.whl", hash = "sha256:5d225db5a45f21e78dd9358e58a98702a0302f2659a3c6cd320564b75b86f47c"},
    {file = "PyYAML-6.0.2-cp311-cp311-manylinux_2_17_s390x.manylinux2014_s390x.whl", hash = "sha256:5ac9328ec4831237bec75defaf839f7d4564be1e6b25ac710bd1a96321cc8317"},
    {file = "PyYAML-6.0.2-cp311-cp311-manylinux_2_17_x86_64.manylinux2014_x86_64.whl", hash = "sha256:3ad2a3decf9aaba3d29c8f537ac4b243e36bef957511b4766cb0057d32b0be85"},
    {file = "PyYAML-6.0.2-cp311-cp311-musllinux_1_1_aarch64.whl", hash = "sha256:ff3824dc5261f50c9b0dfb3be22b4567a6f938ccce4587b38952d85fd9e9afe4"},
    {file = "PyYAML-6.0.2-cp311-cp311-musllinux_1_1_x86_64.whl", hash = "sha256:797b4f722ffa07cc8d62053e4cff1486fa6dc094105d13fea7b1de7d8bf71c9e"},
    {file = "PyYAML-6.0.2-cp311-cp311-win32.whl", hash = "sha256:11d8f3dd2b9c1207dcaf2ee0bbbfd5991f571186ec9cc78427ba5bd32afae4b5"},
    {file = "PyYAML-6.0.2-cp311-cp311-win_amd64.whl", hash = "sha256:e10ce637b18caea04431ce14fabcf5c64a1c61ec9c56b071a4b7ca131ca52d44"},
    {file = "pyyaml-6.0.2.tar.gz", hash = "sha256:d584d9ec91ad65861cc08d42e834324ef890a082e591037abe114850ff7bbc3e"},
]

[[package]]
name = "pyyaml-env-tag"
version = "0.1"
requires_python = ">=3.6"
summary = "A custom YAML tag for referencing environment variables in YAML files. "
groups = ["docs"]
marker = "python_version == \"3.11\""
dependencies = [
    "pyyaml",
]
files = [
    {file = "pyyaml_env_tag-0.1-py3-none-any.whl", hash = "sha256:af31106dec8a4d68c60207c1886031cbf839b68aa7abccdb19868200532c2069"},
    {file = "pyyaml_env_tag-0.1.tar.gz", hash = "sha256:70092675bda14fdec33b31ba77e7543de9ddc88f2e5b99160396572d11525bdb"},
]

[[package]]
name = "six"
version = "1.16.0"
requires_python = ">=2.7, !=3.0.*, !=3.1.*, !=3.2.*"
summary = "Python 2 and 3 compatibility utilities"
groups = ["docs", "test"]
marker = "python_version == \"3.11\""
files = [
    {file = "six-1.16.0-py2.py3-none-any.whl", hash = "sha256:8abb2f1d86890a2dfb989f9a77cfcfd3e47c2a354b01111771326f8aa26e0254"},
    {file = "six-1.16.0.tar.gz", hash = "sha256:1e61c37477a1626458e36f7b1d82aa5c9b094fa4802892072e49de9c60c4c926"},
]

[[package]]
name = "time-machine"
version = "2.15.0"
requires_python = ">=3.8"
summary = "Travel through time in your tests."
groups = ["test"]
marker = "python_version == \"3.11\""
dependencies = [
    "python-dateutil",
]
files = [
    {file = "time_machine-2.15.0-cp311-cp311-macosx_10_9_universal2.whl", hash = "sha256:674097dd54a0bbd555e7927092c74428c4c07268ad52bca38cfccc3214707e50"},
    {file = "time_machine-2.15.0-cp311-cp311-macosx_10_9_x86_64.whl", hash = "sha256:4e83fd6112808d1d14d1a57397c6fa3bd71bb2f3b8800036e12366e3680819b9"},
    {file = "time_machine-2.15.0-cp311-cp311-manylinux_2_17_aarch64.manylinux2014_aarch64.whl", hash = "sha256:b095a1de40ca1afaeae8df3f45e26b645094a1912e6e6871e725fcf06ecdb74a"},
    {file = "time_machine-2.15.0-cp311-cp311-manylinux_2_5_i686.manylinux1_i686.manylinux_2_17_i686.manylinux2014_i686.whl", hash = "sha256:4601fe7a6b74c6fd9207e614d9db2a20dd4befd4d314677a0feac13a67189707"},
    {file = "time_machine-2.15.0-cp311-cp311-manylinux_2_5_x86_64.manylinux1_x86_64.manylinux_2_17_x86_64.manylinux2014_x86_64.whl", hash = "sha256:245ef73f9927b7d4909d554a6a0284dbc5dee9730adea599e430b37c9e9fa203"},
    {file = "time_machine-2.15.0-cp311-cp311-musllinux_1_2_aarch64.whl", hash = "sha256:704abc7f3403584cca9c01c5809812e0bd70632ea4251389fae4f45e11aad94f"},
    {file = "time_machine-2.15.0-cp311-cp311-musllinux_1_2_i686.whl", hash = "sha256:6425001e50a0c82108caed438233066cea04d42a8fc9c49bfcf081a5b96e5b4e"},
    {file = "time_machine-2.15.0-cp311-cp311-musllinux_1_2_x86_64.whl", hash = "sha256:5d4073b754f90b19f28d036ec5143d3fca3a75e4d4241d78790a6178b00bb373"},
    {file = "time_machine-2.15.0-cp311-cp311-win32.whl", hash = "sha256:8817b0f7d7830215261b18db83c9c3ef1da6bb64da5c292d7c70b9a46e5a6745"},
    {file = "time_machine-2.15.0-cp311-cp311-win_amd64.whl", hash = "sha256:ddad27a62df2ea47b7b483009fbfcf167a71d702cbd8e2eefd9ddc1c93146658"},
    {file = "time_machine-2.15.0-cp311-cp311-win_arm64.whl", hash = "sha256:6f021aa2dbd8fbfe54d3fa2258518129108b7496922b3bcff2cf5991078eec67"},
    {file = "time_machine-2.15.0.tar.gz", hash = "sha256:ebd2e63baa117ded04b978813fcd1279d3fc6be2149c9cac75c716b6f1db774c"},
]

[[package]]
name = "tomlkit"
version = "0.13.2"
requires_python = ">=3.8"
summary = "Style preserving TOML library"
groups = ["linting"]
marker = "python_version == \"3.11\""
files = [
    {file = "tomlkit-0.13.2-py3-none-any.whl", hash = "sha256:7a974427f6e119197f670fbbbeae7bef749a6c14e793db934baefc1b5f03efde"},
    {file = "tomlkit-0.13.2.tar.gz", hash = "sha256:fff5fe59a87295b278abd31bec92c15d9bc4a06885ab12bcea52c71119392e79"},
]

[[package]]
name = "typing-extensions"
version = "4.12.2"
requires_python = ">=3.8"
summary = "Backported and Experimental Type Hints for Python 3.8+"
groups = ["typesafety"]
marker = "python_version == \"3.11\""
files = [
    {file = "typing_extensions-4.12.2-py3-none-any.whl", hash = "sha256:04e5ca0351e0f3f85c6853954072df659d0d13fac324d0072316b67d7794700d"},
    {file = "typing_extensions-4.12.2.tar.gz", hash = "sha256:1a7ead55c7e559dd4dee8856e3a88b41225abfe1ce8df57b7c13915fe121ffb8"},
]

[[package]]
name = "watchdog"
version = "5.0.2"
requires_python = ">=3.9"
summary = "Filesystem events monitoring"
groups = ["docs"]
marker = "python_version == \"3.11\""
files = [
    {file = "watchdog-5.0.2-cp311-cp311-macosx_10_9_universal2.whl", hash = "sha256:dae7a1879918f6544201d33666909b040a46421054a50e0f773e0d870ed7438d"},
    {file = "watchdog-5.0.2-cp311-cp311-macosx_10_9_x86_64.whl", hash = "sha256:c4a440f725f3b99133de610bfec93d570b13826f89616377715b9cd60424db6e"},
    {file = "watchdog-5.0.2-cp311-cp311-macosx_11_0_arm64.whl", hash = "sha256:f8b2918c19e0d48f5f20df458c84692e2a054f02d9df25e6c3c930063eca64c1"},
    {file = "watchdog-5.0.2-py3-none-manylinux2014_aarch64.whl", hash = "sha256:5597c051587f8757798216f2485e85eac583c3b343e9aa09127a3a6f82c65ee8"},
    {file = "watchdog-5.0.2-py3-none-manylinux2014_armv7l.whl", hash = "sha256:53ed1bf71fcb8475dd0ef4912ab139c294c87b903724b6f4a8bd98e026862e6d"},
    {file = "watchdog-5.0.2-py3-none-manylinux2014_i686.whl", hash = "sha256:29e4a2607bd407d9552c502d38b45a05ec26a8e40cc7e94db9bb48f861fa5abc"},
    {file = "watchdog-5.0.2-py3-none-manylinux2014_ppc64.whl", hash = "sha256:b6dc8f1d770a8280997e4beae7b9a75a33b268c59e033e72c8a10990097e5fde"},
    {file = "watchdog-5.0.2-py3-none-manylinux2014_ppc64le.whl", hash = "sha256:d2ab34adc9bf1489452965cdb16a924e97d4452fcf88a50b21859068b50b5c3b"},
    {file = "watchdog-5.0.2-py3-none-manylinux2014_s390x.whl", hash = "sha256:7d1aa7e4bb0f0c65a1a91ba37c10e19dabf7eaaa282c5787e51371f090748f4b"},
    {file = "watchdog-5.0.2-py3-none-manylinux2014_x86_64.whl", hash = "sha256:726eef8f8c634ac6584f86c9c53353a010d9f311f6c15a034f3800a7a891d941"},
    {file = "watchdog-5.0.2-py3-none-win32.whl", hash = "sha256:bda40c57115684d0216556671875e008279dea2dc00fcd3dde126ac8e0d7a2fb"},
    {file = "watchdog-5.0.2-py3-none-win_amd64.whl", hash = "sha256:d010be060c996db725fbce7e3ef14687cdcc76f4ca0e4339a68cc4532c382a73"},
    {file = "watchdog-5.0.2-py3-none-win_ia64.whl", hash = "sha256:3960136b2b619510569b90f0cd96408591d6c251a75c97690f4553ca88889769"},
    {file = "watchdog-5.0.2.tar.gz", hash = "sha256:dcebf7e475001d2cdeb020be630dc5b687e9acdd60d16fea6bb4508e7b94cf76"},
]
